
Microsoft Visual Studio Solution File, Format Version 12.00
# Visual Studio Version 17
VisualStudioVersion = 17.8.34525.116
MinimumVisualStudioVersion = 10.0.40219.1
Project("{FAE04EC0-301F-11D3-BF4B-00C04F79EFBC}") = "BulkyWeb", "BulkyWeb\BulkyWeb.csproj", "{2A66CE7A-66DE-48CA-92DF-ED0962F41100}"
EndProject
Global
	GlobalSection(SolutionConfigurationPlatforms) = preSolution
		Debug|Any CPU = Debug|Any CPU
		Release|Any CPU = Release|Any CPU
	EndGlobalSection
	GlobalSection(ProjectConfigurationPlatforms) = postSolution
		{2A66CE7A-66DE-48CA-92DF-ED0962F41100}.Debug|Any CPU.ActiveCfg = Debug|Any CPU
		{2A66CE7A-66DE-48CA-92DF-ED0962F41100}.Debug|Any CPU.Build.0 = Debug|Any CPU
		{2A66CE7A-66DE-48CA-92DF-ED0962F41100}.Release|Any CPU.ActiveCfg = Release|Any CPU
		{2A66CE7A-66DE-48CA-92DF-ED0962F41100}.Release|Any CPU.Build.0 = Release|Any CPU
	EndGlobalSection
	GlobalSection(SolutionProperties) = preSolution
		HideSolutionNode = FALSE
	EndGlobalSection
	GlobalSection(ExtensibilityGlobals) = postSolution
		SolutionGuid = {46BA6C69-1E2E-4FE7-8D8E-773694F3DEE6}
	EndGlobalSection
EndGlobal
